PODS:
  - lottie-ios (4.5.2)
  - Realm (20.0.3):
    - Realm/Headers (= 20.0.3)
  - Realm/Headers (20.0.3)
  - RealmSwift (20.0.3):
    - Realm (= 20.0.3)

DEPENDENCIES:
  - lottie-ios
  - RealmSwift

SPEC REPOS:
  trunk:
    - lottie-ios
    - Realm
    - RealmSwift

SPEC CHECKSUMS:
  lottie-ios: 96784afc26ea031d3e2b6cae342a4b8915072489
  Realm: 853e5089d6042dff807bda000277eadfe2da93d2
  RealmSwift: f33c19577cefcbf681345d721fcbc7b42be4c949

PODFILE CHECKSUM: 60b00260990a5bd5a6eac6aabb04718ecc810f38

COCOAPODS: 1.16.2
